
Microsoft Visual Studio Solution File, Format Version 12.00
# Visual Studio Version 17
VisualStudioVersion = 17.11.35208.52
MinimumVisualStudioVersion = 10.0.40219.1
Project("{FAE04EC0-301F-11D3-BF4B-00C04F79EFBC}") = "Dapper", "Dapper.csproj", "{650EB0AC-24D5-4C0B-B3EA-B6686D7597A3}"
EndProject
Global
	GlobalSection(SolutionConfigurationPlatforms) = preSolution
		Debug|Any CPU = Debug|Any CPU
		Release|Any CPU = Release|Any CPU
	EndGlobalSection
	GlobalSection(ProjectConfigurationPlatforms) = postSolution
		{650EB0AC-24D5-4C0B-B3EA-B6686D7597A3}.Debug|Any CPU.ActiveCfg = Debug|Any CPU
		{650EB0AC-24D5-4C0B-B3EA-B6686D7597A3}.Debug|Any CPU.Build.0 = Debug|Any CPU
		{650EB0AC-24D5-4C0B-B3EA-B6686D7597A3}.Release|Any CPU.ActiveCfg = Release|Any CPU
		{650EB0AC-24D5-4C0B-B3EA-B6686D7597A3}.Release|Any CPU.Build.0 = Release|Any CPU
	EndGlobalSection
	GlobalSection(SolutionProperties) = preSolution
		HideSolutionNode = FALSE
	EndGlobalSection
	GlobalSection(ExtensibilityGlobals) = postSolution
		SolutionGuid = {DDD573E6-52EC-45F0-A652-9FE474B9EDCE}
	EndGlobalSection
EndGlobal
